
Microsoft Visual Studio Solution File, Format Version 12.00
# Visual Studio Version 17
VisualStudioVersion = 17.6.33829.357
MinimumVisualStudioVersion = 10.0.40219.1
Project("{FAE04EC0-301F-11D3-BF4B-00C04F79EFBC}") = "FunctionApp1", "FunctionApp1\FunctionApp1.csproj", "{933FA234-CF34-437A-9A02-2405A671F024}"
EndProject
Global
	GlobalSection(SolutionConfigurationPlatforms) = preSolution
		Debug|Any CPU = Debug|Any CPU
		Release|Any CPU = Release|Any CPU
	EndGlobalSection
	GlobalSection(ProjectConfigurationPlatforms) = postSolution
		{933FA234-CF34-437A-9A02-2405A671F024}.Debug|Any CPU.ActiveCfg = Debug|Any CPU
		{933FA234-CF34-437A-9A02-2405A671F024}.Debug|Any CPU.Build.0 = Debug|Any CPU
		{933FA234-CF34-437A-9A02-2405A671F024}.Release|Any CPU.ActiveCfg = Release|Any CPU
		{933FA234-CF34-437A-9A02-2405A671F024}.Release|Any CPU.Build.0 = Release|Any CPU
	EndGlobalSection
	GlobalSection(SolutionProperties) = preSolution
		HideSolutionNode = FALSE
	EndGlobalSection
	GlobalSection(ExtensibilityGlobals) = postSolution
		SolutionGuid = {4E258023-86C3-4733-BEC6-3CB8D6C1D00A}
	EndGlobalSection
EndGlobal
